
Microsoft Visual Studio Solution File, Format Version 12.00
# Visual Studio Version 17
VisualStudioVersion = 17.14.36511.14 d17.14
MinimumVisualStudioVersion = 10.0.40219.1
Project("{FAE04EC0-301F-11D3-BF4B-00C04F79EFBC}") = "DesapegaSenai", "DesapegaSenai\DesapegaSenai.csproj", "{4974C4DE-9B36-4CCF-8B2F-40A54739E552}"
EndProject
Global
	GlobalSection(SolutionConfigurationPlatforms) = preSolution
		Debug|Any CPU = Debug|Any CPU
		Release|Any CPU = Release|Any CPU
	EndGlobalSection
	GlobalSection(ProjectConfigurationPlatforms) = postSolution
		{4974C4DE-9B36-4CCF-8B2F-40A54739E552}.Debug|Any CPU.ActiveCfg = Debug|Any CPU
		{4974C4DE-9B36-4CCF-8B2F-40A54739E552}.Debug|Any CPU.Build.0 = Debug|Any CPU
		{4974C4DE-9B36-4CCF-8B2F-40A54739E552}.Release|Any CPU.ActiveCfg = Release|Any CPU
		{4974C4DE-9B36-4CCF-8B2F-40A54739E552}.Release|Any CPU.Build.0 = Release|Any CPU
	EndGlobalSection
	GlobalSection(SolutionProperties) = preSolution
		HideSolutionNode = FALSE
	EndGlobalSection
	GlobalSection(ExtensibilityGlobals) = postSolution
		SolutionGuid = {5835F320-CA78-4073-835F-4E76C6E3F0D0}
	EndGlobalSection
EndGlobal
